
Microsoft Visual Studio Solution File, Format Version 12.00
# Visual Studio Version 17
VisualStudioVersion = 17.11.35312.102
MinimumVisualStudioVersion = 10.0.40219.1
Project("{2150E333-8FDC-42A3-9474-1A3956D46DE8}") = "Task0", "Task0", "{A5E1FE7C-C735-4DC7-967A-58A063E75FA2}"
EndProject
Project("{9A19103F-16F7-4668-BE54-9A1E7A4F7556}") = "Tyuiu.KhudoiberdievDB.Sprint5.Task0.V7", "Tyuiu.KhudoiberdievDB.Sprint5.Task0.V7\Tyuiu.KhudoiberdievDB.Sprint5.Task0.V7.csproj", "{518F1378-04B5-44A8-A1CF-1C8B6F3799AB}"
EndProject
Project("{9A19103F-16F7-4668-BE54-9A1E7A4F7556}") = "Tyuiu.KhudoiberdievDB.Sprint5.Task0.V7.Lib", "Tyuiu.KhudoiberdievDB.Sprint5.Task0.V7.Lib\Tyuiu.KhudoiberdievDB.Sprint5.Task0.V7.Lib.csproj", "{4B0B5AF5-D5F3-44D5-95A3-DD5098908692}"
EndProject
Project("{9A19103F-16F7-4668-BE54-9A1E7A4F7556}") = "Tyuiu.KhudoiberdievDB.Sprint5.Task0.V7.Test", "Tyuiu.KhudoiberdievDB.Sprint5.Task0.V7.Test\Tyuiu.KhudoiberdievDB.Sprint5.Task0.V7.Test.csproj", "{11001AF8-B73B-46F3-B645-E3F097546802}"
EndProject
Project("{2150E333-8FDC-42A3-9474-1A3956D46DE8}") = "Task1", "Task1", "{37E4A4C4-7A34-475F-84CF-18B62C3E3A00}"
EndProject
Project("{9A19103F-16F7-4668-BE54-9A1E7A4F7556}") = "Tyuiu.KhudoiberdievDB.Sprint5.Task1.V15", "Tyuiu.KhudoiberdievDB.Sprint5.Task1.V15\Tyuiu.KhudoiberdievDB.Sprint5.Task1.V15.csproj", "{839DB0D5-B8BA-479C-AFAF-BC77C0775A7F}"
EndProject
Project("{9A19103F-16F7-4668-BE54-9A1E7A4F7556}") = "Tyuiu.KhudoiberdievDB.Sprint5.Task1.V15.Test", "Tyuiu.KhudoiberdievDB.Sprint5.Task1.V15.Test\Tyuiu.KhudoiberdievDB.Sprint5.Task1.V15.Test.csproj", "{5D98934C-A6D3-4E29-8D96-588273328616}"
EndProject
Project("{9A19103F-16F7-4668-BE54-9A1E7A4F7556}") = "Tyuiu.KhudoiberdievDB.Sprint5.Task1.V15.Lib", "Tyuiu.KhudoiberdievDB.Sprint5.Task1.V15.Lib\Tyuiu.KhudoiberdievDB.Sprint5.Task1.V15.Lib.csproj", "{8C547DDE-5F6E-43A1-9BCC-45E438C48C8E}"
EndProject
Project("{2150E333-8FDC-42A3-9474-1A3956D46DE8}") = "Task2", "Task2", "{A1F7AC12-3327-44AE-87D9-D7A57F4ED698}"
EndProject
Project("{9A19103F-16F7-4668-BE54-9A1E7A4F7556}") = "Tyuiu.KhudoiberdievDB.Sprint5.Task2.V10", "Tyuiu.KhudoiberdievDB.Sprint5.Task2.V10\Tyuiu.KhudoiberdievDB.Sprint5.Task2.V10.csproj", "{BED3C2DC-C7DC-4724-8DB3-7C7C0F7907F2}"
EndProject
Project("{9A19103F-16F7-4668-BE54-9A1E7A4F7556}") = "Tyuiu.KhudoiberdievDB.Sprint5.Task2.V10.Lib", "Tyuiu.KhudoiberdievDB.Sprint5.Task2.V10.Lib\Tyuiu.KhudoiberdievDB.Sprint5.Task2.V10.Lib.csproj", "{44D801BF-1A12-4EA1-996C-30977BC0AF89}"
EndProject
Project("{9A19103F-16F7-4668-BE54-9A1E7A4F7556}") = "Tyuiu.KhudoiberdievDB.Sprint5.Task2.V10.Test", "Tyuiu.KhudoiberdievDB.Sprint5.Task2.V10.Test\Tyuiu.KhudoiberdievDB.Sprint5.Task2.V10.Test.csproj", "{7093E954-D4A5-469B-8C7B-A9C3EAAD2BE0}"
EndProject
Project("{2150E333-8FDC-42A3-9474-1A3956D46DE8}") = "Task3", "Task3", "{688505E0-2DE1-4A6A-AF9A-0F19667D31B8}"
EndProject
Project("{FAE04EC0-301F-11D3-BF4B-00C04F79EFBC}") = "Tyuiu.KhudoiberdievDB.Sprint5.Task3.V25", "Tyuiu.KhudoiberdievDB.Sprint5.Task3.V25\Tyuiu.KhudoiberdievDB.Sprint5.Task3.V25.csproj", "{7266598A-B49D-48D2-A191-4C98D17572C8}"
EndProject
Project("{FAE04EC0-301F-11D3-BF4B-00C04F79EFBC}") = "Tyuiu.KhudoiberdievDB.Sprint5.Task3.V25.Test", "Tyuiu.KhudoiberdievDB.Sprint5.Task3.V25.Test\Tyuiu.KhudoiberdievDB.Sprint5.Task3.V25.Test.csproj", "{BBE265CD-B74C-42F9-95BF-4BD603664CFC}"
EndProject
Project("{FAE04EC0-301F-11D3-BF4B-00C04F79EFBC}") = "Tyuiu.KhudoiberdievDB.Sprint5.Task3.V25.Lib", "Tyuiu.KhudoiberdievDB.Sprint5.Task3.V25.Lib\Tyuiu.KhudoiberdievDB.Sprint5.Task3.V25.Lib.csproj", "{74DDB74E-4B06-479B-B987-0CF1BC27D657}"
EndProject
Project("{2150E333-8FDC-42A3-9474-1A3956D46DE8}") = "Task4", "Task4", "{B0471684-660B-4ABD-A7E8-6914C44D7521}"
EndProject
Project("{FAE04EC0-301F-11D3-BF4B-00C04F79EFBC}") = "Tyuiu.KhudoiberdievDB.Sprint5.Task4.V8", "Tyuiu.KhudoiberdievDB.Sprint5.Task4.V8\Tyuiu.KhudoiberdievDB.Sprint5.Task4.V8.csproj", "{45674B0B-BBDD-416A-AEFC-073D7EC42166}"
EndProject
Project("{FAE04EC0-301F-11D3-BF4B-00C04F79EFBC}") = "Tyuiu.KhudoiberdievDB.Sprint5.Task4.V8.Lib", "Tyuiu.KhudoiberdievDB.Sprint5.Task4.V8.Lib\Tyuiu.KhudoiberdievDB.Sprint5.Task4.V8.Lib.csproj", "{3D31CB3D-803A-4F4C-9419-1DE7910EDE84}"
EndProject
Project("{FAE04EC0-301F-11D3-BF4B-00C04F79EFBC}") = "Tyuiu.KhudoiberdievDB.Sprint5.Task4.V8.Test", "Tyuiu.KhudoiberdievDB.Sprint5.Task4.V8.Test\Tyuiu.KhudoiberdievDB.Sprint5.Task4.V8.Test.csproj", "{5A57600E-0E66-452D-A211-D4240FAA51F2}"
EndProject
Project("{2150E333-8FDC-42A3-9474-1A3956D46DE8}") = "Task5", "Task5", "{29FB4864-BB89-4118-B7AA-26E83E5637DB}"
EndProject
Project("{FAE04EC0-301F-11D3-BF4B-00C04F79EFBC}") = "Tyuiu.KhudoiberdievDB.Sprint5.Task5.V29", "Tyuiu.KhudoiberdievDB.Sprint5.Task5.V29\Tyuiu.KhudoiberdievDB.Sprint5.Task5.V29.csproj", "{7D705532-CF13-4902-AAF4-5B4B02EC920D}"
EndProject
Project("{FAE04EC0-301F-11D3-BF4B-00C04F79EFBC}") = "Tyuiu.KhudoiberdievDB.Sprint5.Task5.V29.Test", "Tyuiu.KhudoiberdievDB.Sprint5.Task5.V29.Test\Tyuiu.KhudoiberdievDB.Sprint5.Task5.V29.Test.csproj", "{4D5A636B-09FF-4633-8D67-FAF7586261C5}"
EndProject
Project("{FAE04EC0-301F-11D3-BF4B-00C04F79EFBC}") = "Tyuiu.KhudoiberdievDB.Sprint5.Task5.V29.Lib", "Tyuiu.KhudoiberdievDB.Sprint5.Task5.V29.Lib\Tyuiu.KhudoiberdievDB.Sprint5.Task5.V29.Lib.csproj", "{51F61195-0FB4-4019-901E-30FB499187F7}"
EndProject
Global
	GlobalSection(SolutionConfigurationPlatforms) = preSolution
		Debug|Any CPU = Debug|Any CPU
		Release|Any CPU = Release|Any CPU
	EndGlobalSection
	GlobalSection(ProjectConfigurationPlatforms) = postSolution
		{518F1378-04B5-44A8-A1CF-1C8B6F3799AB}.Debug|Any CPU.ActiveCfg = Debug|Any CPU
		{518F1378-04B5-44A8-A1CF-1C8B6F3799AB}.Debug|Any CPU.Build.0 = Debug|Any CPU
		{518F1378-04B5-44A8-A1CF-1C8B6F3799AB}.Release|Any CPU.ActiveCfg = Release|Any CPU
		{518F1378-04B5-44A8-A1CF-1C8B6F3799AB}.Release|Any CPU.Build.0 = Release|Any CPU
		{4B0B5AF5-D5F3-44D5-95A3-DD5098908692}.Debug|Any CPU.ActiveCfg = Debug|Any CPU
		{4B0B5AF5-D5F3-44D5-95A3-DD5098908692}.Debug|Any CPU.Build.0 = Debug|Any CPU
		{4B0B5AF5-D5F3-44D5-95A3-DD5098908692}.Release|Any CPU.ActiveCfg = Release|Any CPU
		{4B0B5AF5-D5F3-44D5-95A3-DD5098908692}.Release|Any CPU.Build.0 = Release|Any CPU
		{11001AF8-B73B-46F3-B645-E3F097546802}.Debug|Any CPU.ActiveCfg = Debug|Any CPU
		{11001AF8-B73B-46F3-B645-E3F097546802}.Debug|Any CPU.Build.0 = Debug|Any CPU
		{11001AF8-B73B-46F3-B645-E3F097546802}.Release|Any CPU.ActiveCfg = Release|Any CPU
		{11001AF8-B73B-46F3-B645-E3F097546802}.Release|Any CPU.Build.0 = Release|Any CPU
		{839DB0D5-B8BA-479C-AFAF-BC77C0775A7F}.Debug|Any CPU.ActiveCfg = Debug|Any CPU
		{839DB0D5-B8BA-479C-AFAF-BC77C0775A7F}.Debug|Any CPU.Build.0 = Debug|Any CPU
		{839DB0D5-B8BA-479C-AFAF-BC77C0775A7F}.Release|Any CPU.ActiveCfg = Release|Any CPU
		{839DB0D5-B8BA-479C-AFAF-BC77C0775A7F}.Release|Any CPU.Build.0 = Release|Any CPU
		{5D98934C-A6D3-4E29-8D96-588273328616}.Debug|Any CPU.ActiveCfg = Debug|Any CPU
		{5D98934C-A6D3-4E29-8D96-588273328616}.Debug|Any CPU.Build.0 = Debug|Any CPU
		{5D98934C-A6D3-4E29-8D96-588273328616}.Release|Any CPU.ActiveCfg = Release|Any CPU
		{5D98934C-A6D3-4E29-8D96-588273328616}.Release|Any CPU.Build.0 = Release|Any CPU
		{8C547DDE-5F6E-43A1-9BCC-45E438C48C8E}.Debug|Any CPU.ActiveCfg = Debug|Any CPU
		{8C547DDE-5F6E-43A1-9BCC-45E438C48C8E}.Debug|Any CPU.Build.0 = Debug|Any CPU
		{8C547DDE-5F6E-43A1-9BCC-45E438C48C8E}.Release|Any CPU.ActiveCfg = Release|Any CPU
		{8C547DDE-5F6E-43A1-9BCC-45E438C48C8E}.Release|Any CPU.Build.0 = Release|Any CPU
		{BED3C2DC-C7DC-4724-8DB3-7C7C0F7907F2}.Debug|Any CPU.ActiveCfg = Debug|Any CPU
		{BED3C2DC-C7DC-4724-8DB3-7C7C0F7907F2}.Debug|Any CPU.Build.0 = Debug|Any CPU
		{BED3C2DC-C7DC-4724-8DB3-7C7C0F7907F2}.Release|Any CPU.ActiveCfg = Release|Any CPU
		{BED3C2DC-C7DC-4724-8DB3-7C7C0F7907F2}.Release|Any CPU.Build.0 = Release|Any CPU
		{44D801BF-1A12-4EA1-996C-30977BC0AF89}.Debug|Any CPU.ActiveCfg = Debug|Any CPU
		{44D801BF-1A12-4EA1-996C-30977BC0AF89}.Debug|Any CPU.Build.0 = Debug|Any CPU
		{44D801BF-1A12-4EA1-996C-30977BC0AF89}.Release|Any CPU.ActiveCfg = Release|Any CPU
		{44D801BF-1A12-4EA1-996C-30977BC0AF89}.Release|Any CPU.Build.0 = Release|Any CPU
		{7093E954-D4A5-469B-8C7B-A9C3EAAD2BE0}.Debug|Any CPU.ActiveCfg = Debug|Any CPU
		{7093E954-D4A5-469B-8C7B-A9C3EAAD2BE0}.Debug|Any CPU.Build.0 = Debug|Any CPU
		{7093E954-D4A5-469B-8C7B-A9C3EAAD2BE0}.Release|Any CPU.ActiveCfg = Release|Any CPU
		{7093E954-D4A5-469B-8C7B-A9C3EAAD2BE0}.Release|Any CPU.Build.0 = Release|Any CPU
		{7266598A-B49D-48D2-A191-4C98D17572C8}.Debug|Any CPU.ActiveCfg = Debug|Any CPU
		{7266598A-B49D-48D2-A191-4C98D17572C8}.Debug|Any CPU.Build.0 = Debug|Any CPU
		{7266598A-B49D-48D2-A191-4C98D17572C8}.Release|Any CPU.ActiveCfg = Release|Any CPU
		{7266598A-B49D-48D2-A191-4C98D17572C8}.Release|Any CPU.Build.0 = Release|Any CPU
		{BBE265CD-B74C-42F9-95BF-4BD603664CFC}.Debug|Any CPU.ActiveCfg = Debug|Any CPU
		{BBE265CD-B74C-42F9-95BF-4BD603664CFC}.Debug|Any CPU.Build.0 = Debug|Any CPU
		{BBE265CD-B74C-42F9-95BF-4BD603664CFC}.Release|Any CPU.ActiveCfg = Release|Any CPU
		{BBE265CD-B74C-42F9-95BF-4BD603664CFC}.Release|Any CPU.Build.0 = Release|Any CPU
		{74DDB74E-4B06-479B-B987-0CF1BC27D657}.Debug|Any CPU.ActiveCfg = Debug|Any CPU
		{74DDB74E-4B06-479B-B987-0CF1BC27D657}.Debug|Any CPU.Build.0 = Debug|Any CPU
		{74DDB74E-4B06-479B-B987-0CF1BC27D657}.Release|Any CPU.ActiveCfg = Release|Any CPU
		{74DDB74E-4B06-479B-B987-0CF1BC27D657}.Release|Any CPU.Build.0 = Release|Any CPU
		{45674B0B-BBDD-416A-AEFC-073D7EC42166}.Debug|Any CPU.ActiveCfg = Debug|Any CPU
		{45674B0B-BBDD-416A-AEFC-073D7EC42166}.Debug|Any CPU.Build.0 = Debug|Any CPU
		{45674B0B-BBDD-416A-AEFC-073D7EC42166}.Release|Any CPU.ActiveCfg = Release|Any CPU
		{45674B0B-BBDD-416A-AEFC-073D7EC42166}.Release|Any CPU.Build.0 = Release|Any CPU
		{3D31CB3D-803A-4F4C-9419-1DE7910EDE84}.Debug|Any CPU.ActiveCfg = Debug|Any CPU
		{3D31CB3D-803A-4F4C-9419-1DE7910EDE84}.Debug|Any CPU.Build.0 = Debug|Any CPU
		{3D31CB3D-803A-4F4C-9419-1DE7910EDE84}.Release|Any CPU.ActiveCfg = Release|Any CPU
		{3D31CB3D-803A-4F4C-9419-1DE7910EDE84}.Release|Any CPU.Build.0 = Release|Any CPU
		{5A57600E-0E66-452D-A211-D4240FAA51F2}.Debug|Any CPU.ActiveCfg = Debug|Any CPU
		{5A57600E-0E66-452D-A211-D4240FAA51F2}.Debug|Any CPU.Build.0 = Debug|Any CPU
		{5A57600E-0E66-452D-A211-D4240FAA51F2}.Release|Any CPU.ActiveCfg = Release|Any CPU
		{5A57600E-0E66-452D-A211-D4240FAA51F2}.Release|Any CPU.Build.0 = Release|Any CPU
		{7D705532-CF13-4902-AAF4-5B4B02EC920D}.Debug|Any CPU.ActiveCfg = Debug|Any CPU
		{7D705532-CF13-4902-AAF4-5B4B02EC920D}.Debug|Any CPU.Build.0 = Debug|Any CPU
		{7D705532-CF13-4902-AAF4-5B4B02EC920D}.Release|Any CPU.ActiveCfg = Release|Any CPU
		{7D705532-CF13-4902-AAF4-5B4B02EC920D}.Release|Any CPU.Build.0 = Release|Any CPU
		{4D5A636B-09FF-4633-8D67-FAF7586261C5}.Debug|Any CPU.ActiveCfg = Debug|Any CPU
		{4D5A636B-09FF-4633-8D67-FAF7586261C5}.Debug|Any CPU.Build.0 = Debug|Any CPU
		{4D5A636B-09FF-4633-8D67-FAF7586261C5}.Release|Any CPU.ActiveCfg = Release|Any CPU
		{4D5A636B-09FF-4633-8D67-FAF7586261C5}.Release|Any CPU.Build.0 = Release|Any CPU
		{51F61195-0FB4-4019-901E-30FB499187F7}.Debug|Any CPU.ActiveCfg = Debug|Any CPU
		{51F61195-0FB4-4019-901E-30FB499187F7}.Debug|Any CPU.Build.0 = Debug|Any CPU
		{51F61195-0FB4-4019-901E-30FB499187F7}.Release|Any CPU.ActiveCfg = Release|Any CPU
		{51F61195-0FB4-4019-901E-30FB499187F7}.Release|Any CPU.Build.0 = Release|Any CPU
	EndGlobalSection
	GlobalSection(SolutionProperties) = preSolution
		HideSolutionNode = FALSE
	EndGlobalSection
	GlobalSection(NestedProjects) = preSolution
		{518F1378-04B5-44A8-A1CF-1C8B6F3799AB} = {A5E1FE7C-C735-4DC7-967A-58A063E75FA2}
		{4B0B5AF5-D5F3-44D5-95A3-DD5098908692} = {A5E1FE7C-C735-4DC7-967A-58A063E75FA2}
		{11001AF8-B73B-46F3-B645-E3F097546802} = {A5E1FE7C-C735-4DC7-967A-58A063E75FA2}
		{839DB0D5-B8BA-479C-AFAF-BC77C0775A7F} = {37E4A4C4-7A34-475F-84CF-18B62C3E3A00}
		{5D98934C-A6D3-4E29-8D96-588273328616} = {37E4A4C4-7A34-475F-84CF-18B62C3E3A00}
		{8C547DDE-5F6E-43A1-9BCC-45E438C48C8E} = {37E4A4C4-7A34-475F-84CF-18B62C3E3A00}
		{BED3C2DC-C7DC-4724-8DB3-7C7C0F7907F2} = {A1F7AC12-3327-44AE-87D9-D7A57F4ED698}
		{44D801BF-1A12-4EA1-996C-30977BC0AF89} = {A1F7AC12-3327-44AE-87D9-D7A57F4ED698}
		{7093E954-D4A5-469B-8C7B-A9C3EAAD2BE0} = {A1F7AC12-3327-44AE-87D9-D7A57F4ED698}
		{7266598A-B49D-48D2-A191-4C98D17572C8} = {688505E0-2DE1-4A6A-AF9A-0F19667D31B8}
		{BBE265CD-B74C-42F9-95BF-4BD603664CFC} = {688505E0-2DE1-4A6A-AF9A-0F19667D31B8}
		{74DDB74E-4B06-479B-B987-0CF1BC27D657} = {688505E0-2DE1-4A6A-AF9A-0F19667D31B8}
		{45674B0B-BBDD-416A-AEFC-073D7EC42166} = {B0471684-660B-4ABD-A7E8-6914C44D7521}
		{3D31CB3D-803A-4F4C-9419-1DE7910EDE84} = {B0471684-660B-4ABD-A7E8-6914C44D7521}
		{5A57600E-0E66-452D-A211-D4240FAA51F2} = {B0471684-660B-4ABD-A7E8-6914C44D7521}
		{7D705532-CF13-4902-AAF4-5B4B02EC920D} = {29FB4864-BB89-4118-B7AA-26E83E5637DB}
		{4D5A636B-09FF-4633-8D67-FAF7586261C5} = {29FB4864-BB89-4118-B7AA-26E83E5637DB}
		{51F61195-0FB4-4019-901E-30FB499187F7} = {29FB4864-BB89-4118-B7AA-26E83E5637DB}
	EndGlobalSection
	GlobalSection(ExtensibilityGlobals) = postSolution
		SolutionGuid = {3D6F32B2-7001-4C9D-BEE8-CE1C34109BB0}
	EndGlobalSection
EndGlobal
